
Microsoft Visual Studio Solution File, Format Version 12.00
# Visual Studio Version 17
VisualStudioVersion = 17.11.35327.3
MinimumVisualStudioVersion = 10.0.40219.1
Project("{FAE04EC0-301F-11D3-BF4B-00C04F79EFBC}") = "Hello.DaPOPE", "Hello.DaPOPE\Hello.DaPOPE.csproj", "{23BD402E-3FC2-41F2-A93F-3147E07F2BDF}"
EndProject
Global
	GlobalSection(SolutionConfigurationPlatforms) = preSolution
		Debug|Any CPU = Debug|Any CPU
		Release|Any CPU = Release|Any CPU
	EndGlobalSection
	GlobalSection(ProjectConfigurationPlatforms) = postSolution
		{23BD402E-3FC2-41F2-A93F-3147E07F2BDF}.Debug|Any CPU.ActiveCfg = Debug|Any CPU
		{23BD402E-3FC2-41F2-A93F-3147E07F2BDF}.Debug|Any CPU.Build.0 = Debug|Any CPU
		{23BD402E-3FC2-41F2-A93F-3147E07F2BDF}.Release|Any CPU.ActiveCfg = Release|Any CPU
		{23BD402E-3FC2-41F2-A93F-3147E07F2BDF}.Release|Any CPU.Build.0 = Release|Any CPU
	EndGlobalSection
	GlobalSection(SolutionProperties) = preSolution
		HideSolutionNode = FALSE
	EndGlobalSection
	GlobalSection(ExtensibilityGlobals) = postSolution
		SolutionGuid = {59C20CBC-C942-4993-896A-0379B1A0DCE4}
	EndGlobalSection
EndGlobal
